
Microsoft Visual Studio Solution File, Format Version 12.00
# Visual Studio Version 16
VisualStudioVersion = 16.0.29411.108
MinimumVisualStudioVersion = 10.0.40219.1
Project("{FAE04EC0-301F-11D3-BF4B-00C04F79EFBC}") = "dbAccess_v1", "dbAccess_v1.csproj", "{F5FC9752-DABC-4842-94CD-2ED253AA8C7C}"
EndProject
Global
	GlobalSection(SolutionConfigurationPlatforms) = preSolution
		Debug|Any CPU = Debug|Any CPU
		Release|Any CPU = Release|Any CPU
	EndGlobalSection
	GlobalSection(ProjectConfigurationPlatforms) = postSolution
		{F5FC9752-DABC-4842-94CD-2ED253AA8C7C}.Debug|Any CPU.ActiveCfg = Debug|Any CPU
		{F5FC9752-DABC-4842-94CD-2ED253AA8C7C}.Debug|Any CPU.Build.0 = Debug|Any CPU
		{F5FC9752-DABC-4842-94CD-2ED253AA8C7C}.Release|Any CPU.ActiveCfg = Release|Any CPU
		{F5FC9752-DABC-4842-94CD-2ED253AA8C7C}.Release|Any CPU.Build.0 = Release|Any CPU
	EndGlobalSection
	GlobalSection(SolutionProperties) = preSolution
		HideSolutionNode = FALSE
	EndGlobalSection
	GlobalSection(ExtensibilityGlobals) = postSolution
		SolutionGuid = {5F399E0A-C7F6-408F-895B-3582D6592B59}
	EndGlobalSection
EndGlobal
